<?xml version="1.0" encoding="utf-8"?>
<Project ToolsVersion="4.0" xmlns="http://schemas.microsoft.com/developer/msbuild/2003">
  <ItemGroup>
    <ClCompile Include="main.cpp" />
    <ClCompile Include="jsoncpp\src\lib_json\json_reader.cpp">
      <Filter>jsoncpp\src</Filter>
    </ClCompile>
    <ClCompile Include="jsoncpp\src\lib_json\json_value.cpp">
      <Filter>jsoncpp\src</Filter>
    </ClCompile>
    <ClCompile Include="jsoncpp\src\lib_json\json_writer.cpp">
      <Filter>jsoncpp\src</Filter>
    </ClCompile>
    <ClCompile Include="RFDaemonServer.cpp" />
    <ClCompile Include="AppManager.cpp" />
    <ClCompile Include="App.cpp" />
    <ClCompile Include="TcpServer.cpp" />
    <ClCompile Include="crc32_ccitt\crc32_ccitt.c">
      <Filter>crc32_ccitt</Filter>
    </ClCompile>
  </ItemGroup>
  <ItemGroup>
    <ClInclude Include="main.h">
      <Filter>Include</Filter>
    </ClInclude>
    <ClInclude Include="jsoncpp\json\allocator.h">
      <Filter>jsoncpp\inc</Filter>
    </ClInclude>
    <ClInclude Include="jsoncpp\json\assertions.h">
      <Filter>jsoncpp\inc</Filter>
    </ClInclude>
    <ClInclude Include="jsoncpp\json\config.h">
      <Filter>jsoncpp\inc</Filter>
    </ClInclude>
    <ClInclude Include="jsoncpp\json\forwards.h">
      <Filter>jsoncpp\inc</Filter>
    </ClInclude>
    <ClInclude Include="jsoncpp\json\json.h">
      <Filter>jsoncpp\inc</Filter>
    </ClInclude>
    <ClInclude Include="jsoncpp\json\json_features.h">
      <Filter>jsoncpp\inc</Filter>
    </ClInclude>
    <ClInclude Include="jsoncpp\json\reader.h">
      <Filter>jsoncpp\inc</Filter>
    </ClInclude>
    <ClInclude Include="jsoncpp\json\value.h">
      <Filter>jsoncpp\inc</Filter>
    </ClInclude>
    <ClInclude Include="jsoncpp\json\version.h">
      <Filter>jsoncpp\inc</Filter>
    </ClInclude>
    <ClInclude Include="jsoncpp\json\writer.h">
      <Filter>jsoncpp\inc</Filter>
    </ClInclude>
    <ClInclude Include="jsoncpp\src\lib_json\json_tool.h">
      <Filter>jsoncpp\inc</Filter>
    </ClInclude>
    <ClInclude Include="TcpServer.h">
      <Filter>Include</Filter>
    </ClInclude>
    <ClInclude Include="RFDaemonServer.h">
      <Filter>Include</Filter>
    </ClInclude>
    <ClInclude Include="functors.h">
      <Filter>Include</Filter>
    </ClInclude>
    <ClInclude Include="AppManager.h">
      <Filter>Include</Filter>
    </ClInclude>
    <ClInclude Include="App.h">
      <Filter>Include</Filter>
    </ClInclude>
    <ClInclude Include="crc32_ccitt\crc32_ccitt.h">
      <Filter>crc32_ccitt</Filter>
    </ClInclude>
  </ItemGroup>
  <ItemGroup>
    <Filter Include="Include">
      <UniqueIdentifier>{be327ce3-a369-4fd2-93bd-618c500894bb}</UniqueIdentifier>
    </Filter>
    <Filter Include="jsoncpp">
      <UniqueIdentifier>{d9de87dc-b5a5-4d9a-aa69-8daed0bea0dc}</UniqueIdentifier>
    </Filter>
    <Filter Include="jsoncpp\src">
      <UniqueIdentifier>{b444012f-219c-4bd9-ad60-4c017093daa4}</UniqueIdentifier>
    </Filter>
    <Filter Include="jsoncpp\inc">
      <UniqueIdentifier>{262fc42d-1f3b-43ad-94bf-4b3b3e85c4dc}</UniqueIdentifier>
    </Filter>
    <Filter Include="crc32_ccitt">
      <UniqueIdentifier>{5ef4d810-c067-4fcd-b490-b5a74f284c4b}</UniqueIdentifier>
    </Filter>
  </ItemGroup>
  <ItemGroup>
    <None Include="jsoncpp\src\lib_json\json_valueiterator.inl">
      <Filter>jsoncpp\src</Filter>
    </None>
  </ItemGroup>
</Project>